
Microsoft Visual Studio Solution File, Format Version 12.00
# Visual Studio Version 16
VisualStudioVersion = 16.0.30104.148
MinimumVisualStudioVersion = 10.0.40219.1
Project("{FAE04EC0-301F-11D3-BF4B-00C04F79EFBC}") = "SchoolApp", "SchoolApp\SchoolApp.csproj", "{B69EC6C4-BE3C-48D0-8F3A-0EA96B4ECD6A}"
EndProject
Project("{FAE04EC0-301F-11D3-BF4B-00C04F79EFBC}") = "Data", "Data\Data.csproj", "{AECCDFAE-159C-4EED-B2D8-32F0E1F68726}"
EndProject
Project("{FAE04EC0-301F-11D3-BF4B-00C04F79EFBC}") = "Servicies", "Servicies\Servicies.csproj", "{12838352-32DA-4A5F-BF21-6FC3706CA235}"
EndProject
Global
	GlobalSection(SolutionConfigurationPlatforms) = preSolution
		Debug|Any CPU = Debug|Any CPU
		Release|Any CPU = Release|Any CPU
	EndGlobalSection
	GlobalSection(ProjectConfigurationPlatforms) = postSolution
		{B69EC6C4-BE3C-48D0-8F3A-0EA96B4ECD6A}.Debug|Any CPU.ActiveCfg = Debug|Any CPU
		{B69EC6C4-BE3C-48D0-8F3A-0EA96B4ECD6A}.Debug|Any CPU.Build.0 = Debug|Any CPU
		{B69EC6C4-BE3C-48D0-8F3A-0EA96B4ECD6A}.Release|Any CPU.ActiveCfg = Release|Any CPU
		{B69EC6C4-BE3C-48D0-8F3A-0EA96B4ECD6A}.Release|Any CPU.Build.0 = Release|Any CPU
		{AECCDFAE-159C-4EED-B2D8-32F0E1F68726}.Debug|Any CPU.ActiveCfg = Debug|Any CPU
		{AECCDFAE-159C-4EED-B2D8-32F0E1F68726}.Debug|Any CPU.Build.0 = Debug|Any CPU
		{AECCDFAE-159C-4EED-B2D8-32F0E1F68726}.Release|Any CPU.ActiveCfg = Release|Any CPU
		{AECCDFAE-159C-4EED-B2D8-32F0E1F68726}.Release|Any CPU.Build.0 = Release|Any CPU
		{12838352-32DA-4A5F-BF21-6FC3706CA235}.Debug|Any CPU.ActiveCfg = Debug|Any CPU
		{12838352-32DA-4A5F-BF21-6FC3706CA235}.Debug|Any CPU.Build.0 = Debug|Any CPU
		{12838352-32DA-4A5F-BF21-6FC3706CA235}.Release|Any CPU.ActiveCfg = Release|Any CPU
		{12838352-32DA-4A5F-BF21-6FC3706CA235}.Release|Any CPU.Build.0 = Release|Any CPU
	EndGlobalSection
	GlobalSection(SolutionProperties) = preSolution
		HideSolutionNode = FALSE
	EndGlobalSection
	GlobalSection(ExtensibilityGlobals) = postSolution
		SolutionGuid = {E3874FB9-0224-4D66-9C92-FF9E13F6A252}
	EndGlobalSection
EndGlobal
